// !$*UTF8*$!
{
	archiveVersion = 1;
	classes = {
	};
	objectVersion = 50;
	objects = {

/* Begin PBXBuildFile section */
		A326A00024BE1E720029C17B /* AppDelegate.swift in Sources */ = {isa = PBXBuildFile; fileRef = A3269FFF24BE1E720029C17B /* AppDelegate.swift */; };
		A326A00224BE1E720029C17B /* SceneDelegate.swift in Sources */ = {isa = PBXBuildFile; fileRef = A326A00124BE1E720029C17B /* SceneDelegate.swift */; };
		A326A00424BE1E720029C17B /* ContentView.swift in Sources */ = {isa = PBXBuildFile; fileRef = A326A00324BE1E720029C17B /* ContentView.swift */; };
		A326A00624BE1E720029C17B /* Assets.xcassets in Resources */ = {isa = PBXBuildFile; fileRef = A326A00524BE1E720029C17B /* Assets.xcassets */; };
		A326A00924BE1E720029C17B /* Preview Assets.xcassets in Resources */ = {isa = PBXBuildFile; fileRef = A326A00824BE1E720029C17B /* Preview Assets.xcassets */; };
		A326A00C24BE1E720029C17B /* LaunchScreen.storyboard in Resources */ = {isa = PBXBuildFile; fileRef = A326A00A24BE1E720029C17B /* LaunchScreen.storyboard */; };
		A326A01724BE1E990029C17B /* Photo.swift in Sources */ = {isa = PBXBuildFile; fileRef = A326A01624BE1E990029C17B /* Photo.swift */; };
		A326A01924BE1E9E0029C17B /* Remote.swift in Sources */ = {isa = PBXBuildFile; fileRef = A326A01824BE1E9E0029C17B /* Remote.swift */; };
		A326A01D24BE1EA40029C17B /* ActivityIndicator.swift in Sources */ = {isa = PBXBuildFile; fileRef = A326A01A24BE1EA40029C17B /* ActivityIndicator.swift */; };
		A326A01E24BE1EA40029C17B /* PhotosList.swift in Sources */ = {isa = PBXBuildFile; fileRef = A326A01B24BE1EA40029C17B /* PhotosList.swift */; };
		A326A01F24BE1EA40029C17B /* PhotoDetail.swift in Sources */ = {isa = PBXBuildFile; fileRef = A326A01C24BE1EA40029C17B /* PhotoDetail.swift */; };
/* End PBXBuildFile section */

/* Begin PBXFileReference section */
		A3269FFC24BE1E720029C17B /* Photos.app */ = {isa = PBXFileReference; explicitFileType = wrapper.application; includeInIndex = 0; path = Photos.app; sourceTree = BUILT_PRODUCTS_DIR; };
		A3269FFF24BE1E720029C17B /* AppDelegate.swift */ = {isa = PBXFileReference; lastKnownFileType = sourcecode.swift; path = AppDelegate.swift; sourceTree = "<group>"; };
		A326A00124BE1E720029C17B /* SceneDelegate.swift */ = {isa = PBXFileReference; lastKnownFileType = sourcecode.swift; path = SceneDelegate.swift; sourceTree = "<group>"; };
		A326A00324BE1E720029C17B /* ContentView.swift */ = {isa = PBXFileReference; lastKnownFileType = sourcecode.swift; path = ContentView.swift; sourceTree = "<group>"; };
		A326A00524BE1E720029C17B /* Assets.xcassets */ = {isa = PBXFileReference; lastKnownFileType = folder.assetcatalog; path = Assets.xcassets; sourceTree = "<group>"; };
		A326A00824BE1E720029C17B /* Preview Assets.xcassets */ = {isa = PBXFileReference; lastKnownFileType = folder.assetcatalog; path = "Preview Assets.xcassets"; sourceTree = "<group>"; };
		A326A00B24BE1E720029C17B /* Base */ = {isa = PBXFileReference; lastKnownFileType = file.storyboard; name = Base; path = Base.lproj/LaunchScreen.storyboard; sourceTree = "<group>"; };
		A326A00D24BE1E720029C17B /* Info.plist */ = {isa = PBXFileReference; lastKnownFileType = text.plist.xml; path = Info.plist; sourceTree = "<group>"; };
		A326A01624BE1E990029C17B /* Photo.swift */ = {isa = PBXFileReference; fileEncoding = 4; lastKnownFileType = sourcecode.swift; path = Photo.swift; sourceTree = "<group>"; };
		A326A01824BE1E9E0029C17B /* Remote.swift */ = {isa = PBXFileReference; fileEncoding = 4; lastKnownFileType = sourcecode.swift; path = Remote.swift; sourceTree = "<group>"; };
		A326A01A24BE1EA40029C17B /* ActivityIndicator.swift */ = {isa = PBXFileReference; fileEncoding = 4; lastKnownFileType = sourcecode.swift; path = ActivityIndicator.swift; sourceTree = "<group>"; };
		A326A01B24BE1EA40029C17B /* PhotosList.swift */ = {isa = PBXFileReference; fileEncoding = 4; lastKnownFileType = sourcecode.swift; path = PhotosList.swift; sourceTree = "<group>"; };
		A326A01C24BE1EA40029C17B /* PhotoDetail.swift */ = {isa = PBXFileReference; fileEncoding = 4; lastKnownFileType = sourcecode.swift; path = PhotoDetail.swift; sourceTree = "<group>"; };
/* End PBXFileReference section */

/* Begin PBXFrameworksBuildPhase section */
		A3269FF924BE1E720029C17B /* Frameworks */ = {
			isa = PBXFrameworksBuildPhase;
			buildActionMask = 2147483647;
			files = (
			);
			runOnlyForDeploymentPostprocessing = 0;
		};
/* End PBXFrameworksBuildPhase section */

/* Begin PBXGroup section */
		A3269FF324BE1E720029C17B = {
			isa = PBXGroup;
			children = (
				A3269FFE24BE1E720029C17B /* Photos */,
				A3269FFD24BE1E720029C17B /* Products */,
			);
			sourceTree = "<group>";
		};
		A3269FFD24BE1E720029C17B /* Products */ = {
			isa = PBXGroup;
			children = (
				A3269FFC24BE1E720029C17B /* Photos.app */,
			);
			name = Products;
			sourceTree = "<group>";
		};
		A3269FFE24BE1E720029C17B /* Photos */ = {
			isa = PBXGroup;
			children = (
				A326A01824BE1E9E0029C17B /* Remote.swift */,
				A326A01524BE1E800029C17B /* Views */,
				A326A01424BE1E7D0029C17B /* Models */,
				A3269FFF24BE1E720029C17B /* AppDelegate.swift */,
				A326A00124BE1E720029C17B /* SceneDelegate.swift */,
				A326A00324BE1E720029C17B /* ContentView.swift */,
				A326A00524BE1E720029C17B /* Assets.xcassets */,
				A326A00A24BE1E720029C17B /* LaunchScreen.storyboard */,
				A326A00D24BE1E720029C17B /* Info.plist */,
				A326A00724BE1E720029C17B /* Preview Content */,
			);
			path = Photos;
			sourceTree = "<group>";
		};
		A326A00724BE1E720029C17B /* Preview Content */ = {
			isa = PBXGroup;
			children = (
				A326A00824BE1E720029C17B /* Preview Assets.xcassets */,
			);
			path = "Preview Content";
			sourceTree = "<group>";
		};
		A326A01424BE1E7D0029C17B /* Models */ = {
			isa = PBXGroup;
			children = (
				A326A01624BE1E990029C17B /* Photo.swift */,
			);
			path = Models;
			sourceTree = "<group>";
		};
		A326A01524BE1E800029C17B /* Views */ = {
			isa = PBXGroup;
			children = (
				A326A01A24BE1EA40029C17B /* ActivityIndicator.swift */,
				A326A01C24BE1EA40029C17B /* PhotoDetail.swift */,
				A326A01B24BE1EA40029C17B /* PhotosList.swift */,
			);
			path = Views;
			sourceTree = "<group>";
		};
/* End PBXGroup section */

/* Begin PBXNativeTarget section */
		A3269FFB24BE1E720029C17B /* Photos */ = {
			isa = PBXNativeTarget;
			buildConfigurationList = A326A01024BE1E720029C17B /* Build configuration list for PBXNativeTarget "Photos" */;
			buildPhases = (
				A3269FF824BE1E720029C17B /* Sources */,
				A3269FF924BE1E720029C17B /* Frameworks */,
				A3269FFA24BE1E720029C17B /* Resources */,
			);
			buildRules = (
			);
			dependencies = (
			);
			name = Photos;
			packageProductDependencies = (
			);
			productName = Solution;
			productReference = A3269FFC24BE1E720029C17B /* Photos.app */;
			productType = "com.apple.product-type.application";
		};
/* End PBXNativeTarget section */

/* Begin PBXProject section */
		A3269FF424BE1E720029C17B /* Project object */ = {
			isa = PBXProject;
			attributes = {
				LastSwiftUpdateCheck = 1150;
				LastUpgradeCheck = 1150;
				ORGANIZATIONNAME = "Lukáš Hromadník";
				TargetAttributes = {
					A3269FFB24BE1E720029C17B = {
						CreatedOnToolsVersion = 11.5;
					};
				};
			};
			buildConfigurationList = A3269FF724BE1E720029C17B /* Build configuration list for PBXProject "Photos" */;
			compatibilityVersion = "Xcode 9.3";
			developmentRegion = en;
			hasScannedForEncodings = 0;
			knownRegions = (
				en,
				Base,
			);
			mainGroup = A3269FF324BE1E720029C17B;
			packageReferences = (
			);
			productRefGroup = A3269FFD24BE1E720029C17B /* Products */;
			projectDirPath = "";
			projectRoot = "";
			targets = (
				A3269FFB24BE1E720029C17B /* Photos */,
			);
		};
/* End PBXProject section */

/* Begin PBXResourcesBuildPhase section */
		A3269FFA24BE1E720029C17B /* Resources */ = {
			isa = PBXResourcesBuildPhase;
			buildActionMask = 2147483647;
			files = (
				A326A00C24BE1E720029C17B /* LaunchScreen.storyboard in Resources */,
				A326A00924BE1E720029C17B /* Preview Assets.xcassets in Resources */,
				A326A00624BE1E720029C17B /* Assets.xcassets in Resources */,
			);
			runOnlyForDeploymentPostprocessing = 0;
		};
/* End PBXResourcesBuildPhase section */

/* Begin PBXSourcesBuildPhase section */
		A3269FF824BE1E720029C17B /* Sources */ = {
			isa = PBXSourcesBuildPhase;
			buildActionMask = 2147483647;
			files = (
				A326A01924BE1E9E0029C17B /* Remote.swift in Sources */,
				A326A01F24BE1EA40029C17B /* PhotoDetail.swift in Sources */,
				A326A01724BE1E990029C17B /* Photo.swift in Sources */,
				A326A00024BE1E720029C17B /* AppDelegate.swift in Sources */,
				A326A00224BE1E720029C17B /* SceneDelegate.swift in Sources */,
				A326A01D24BE1EA40029C17B /* ActivityIndicator.swift in Sources */,
				A326A00424BE1E720029C17B /* ContentView.swift in Sources */,
				A326A01E24BE1EA40029C17B /* PhotosList.swift in Sources */,
			);
			runOnlyForDeploymentPostprocessing = 0;
		};
/* End PBXSourcesBuildPhase section */

/* Begin PBXVariantGroup section */
		A326A00A24BE1E720029C17B /* LaunchScreen.storyboard */ = {
			isa = PBXVariantGroup;
			children = (
				A326A00B24BE1E720029C17B /* Base */,
			);
			name = LaunchScreen.storyboard;
			sourceTree = "<group>";
		};
/* End PBXVariantGroup section */

/* Begin XCBuildConfiguration section */
		A326A00E24BE1E720029C17B /* Debug */ = {
			isa = XCBuildConfiguration;
			buildSettings = {
				ALWAYS_SEARCH_USER_PATHS = NO;
				CLANG_ANALYZER_NONNULL = YES;
				CLANG_ANALYZER_NUMBER_OBJECT_CONVERSION = YES_AGGRESSIVE;
				CLANG_CXX_LANGUAGE_STANDARD = "gnu++14";
				CLANG_CXX_LIBRARY = "libc++";
				CLANG_ENABLE_MODULES = YES;
				CLANG_ENABLE_OBJC_ARC = YES;
				CLANG_ENABLE_OBJC_WEAK = YES;
				CLANG_WARN_BLOCK_CAPTURE_AUTORELEASING = YES;
				CLANG_WARN_BOOL_CONVERSION = YES;
				CLANG_WARN_COMMA = YES;
				CLANG_WARN_CONSTANT_CONVERSION = YES;
				CLANG_WARN_DEPRECATED_OBJC_IMPLEMENTATIONS = YES;
				CLANG_WARN_DIRECT_OBJC_ISA_USAGE = YES_ERROR;
				CLANG_WARN_DOCUMENTATION_COMMENTS = YES;
				CLANG_WARN_EMPTY_BODY = YES;
				CLANG_WARN_ENUM_CONVERSION = YES;
				CLANG_WARN_INFINITE_RECURSION = YES;
				CLANG_WARN_INT_CONVERSION = YES;
				CLANG_WARN_NON_LITERAL_NULL_CONVERSION = YES;
				CLANG_WARN_OBJC_IMPLICIT_RETAIN_SELF = YES;
				CLANG_WARN_OBJC_LITERAL_CONVERSION = YES;
				CLANG_WARN_OBJC_ROOT_CLASS = YES_ERROR;
				CLANG_WARN_RANGE_LOOP_ANALYSIS = YES;
				CLANG_WARN_STRICT_PROTOTYPES = YES;
				CLANG_WARN_SUSPICIOUS_MOVE = YES;
				CLANG_WARN_UNGUARDED_AVAILABILITY = YES_AGGRESSIVE;
				CLANG_WARN_UNREACHABLE_CODE = YES;
				CLANG_WARN__DUPLICATE_METHOD_MATCH = YES;
				COPY_PHASE_STRIP = NO;
				DEBUG_INFORMATION_FORMAT = dwarf;
				ENABLE_STRICT_OBJC_MSGSEND = YES;
				ENABLE_TESTABILITY = YES;
				GCC_C_LANGUAGE_STANDARD = gnu11;
				GCC_DYNAMIC_NO_PIC = NO;
				GCC_NO_COMMON_BLOCKS = YES;
				GCC_OPTIMIZATION_LEVEL = 0;
				GCC_PREPROCESSOR_DEFINITIONS = (
					"DEBUG=1",
					"$(inherited)",
				);
				GCC_WARN_64_TO_32_BIT_CONVERSION = YES;
				GCC_WARN_ABOUT_RETURN_TYPE = YES_ERROR;
				GCC_WARN_UNDECLARED_SELECTOR = YES;
				GCC_WARN_UNINITIALIZED_AUTOS = YES_AGGRESSIVE;
				GCC_WARN_UNUSED_FUNCTION = YES;
				GCC_WARN_UNUSED_VARIABLE = YES;
				IPHONEOS_DEPLOYMENT_TARGET = 13.5;
				MTL_ENABLE_DEBUG_INFO = INCLUDE_SOURCE;
				MTL_FAST_MATH = YES;
				ONLY_ACTIVE_ARCH = YES;
				SDKROOT = iphoneos;
				SWIFT_ACTIVE_COMPILATION_CONDITIONS = DEBUG;
				SWIFT_OPTIMIZATION_LEVEL = "-Onone";
			};
			name = Debug;
		};
		A326A00F24BE1E720029C17B /* Release */ = {
			isa = XCBuildConfiguration;
			buildSettings = {
				ALWAYS_SEARCH_USER_PATHS = NO;
				CLANG_ANALYZER_NONNULL = YES;
				CLANG_ANALYZER_NUMBER_OBJECT_CONVERSION = YES_AGGRESSIVE;
				CLANG_CXX_LANGUAGE_STANDARD = "gnu++14";
				CLANG_CXX_LIBRARY = "libc++";
				CLANG_ENABLE_MODULES = YES;
				CLANG_ENABLE_OBJC_ARC = YES;
				CLANG_ENABLE_OBJC_WEAK = YES;
				CLANG_WARN_BLOCK_CAPTURE_AUTORELEASING = YES;
				CLANG_WARN_BOOL_CONVERSION = YES;
				CLANG_WARN_COMMA = YES;
				CLANG_WARN_CONSTANT_CONVERSION = YES;
				CLANG_WARN_DEPRECATED_OBJC_IMPLEMENTATIONS = YES;
				CLANG_WARN_DIRECT_OBJC_ISA_USAGE = YES_ERROR;
				CLANG_WARN_DOCUMENTATION_COMMENTS = YES;
				CLANG_WARN_EMPTY_BODY = YES;
				CLANG_WARN_ENUM_CONVERSION = YES;
				CLANG_WARN_INFINITE_RECURSION = YES;
				CLANG_WARN_INT_CONVERSION = YES;
				CLANG_WARN_NON_LITERAL_NULL_CONVERSION = YES;
				CLANG_WARN_OBJC_IMPLICIT_RETAIN_SELF = YES;
				CLANG_WARN_OBJC_LITERAL_CONVERSION = YES;
				CLANG_WARN_OBJC_ROOT_CLASS = YES_ERROR;
				CLANG_WARN_RANGE_LOOP_ANALYSIS = YES;
				CLANG_WARN_STRICT_PROTOTYPES = YES;
				CLANG_WARN_SUSPICIOUS_MOVE = YES;
				CLANG_WARN_UNGUARDED_AVAILABILITY = YES_AGGRESSIVE;
				CLANG_WARN_UNREACHABLE_CODE = YES;
				CLANG_WARN__DUPLICATE_METHOD_MATCH = YES;
				COPY_PHASE_STRIP = NO;
				DEBUG_INFORMATION_FORMAT = "dwarf-with-dsym";
				ENABLE_NS_ASSERTIONS = NO;
				ENABLE_STRICT_OBJC_MSGSEND = YES;
				GCC_C_LANGUAGE_STANDARD = gnu11;
				GCC_NO_COMMON_BLOCKS = YES;
				GCC_WARN_64_TO_32_BIT_CONVERSION = YES;
				GCC_WARN_ABOUT_RETURN_TYPE = YES_ERROR;
				GCC_WARN_UNDECLARED_SELECTOR = YES;
				GCC_WARN_UNINITIALIZED_AUTOS = YES_AGGRESSIVE;
				GCC_WARN_UNUSED_FUNCTION = YES;
				GCC_WARN_UNUSED_VARIABLE = YES;
				IPHONEOS_DEPLOYMENT_TARGET = 13.5;
				MTL_ENABLE_DEBUG_INFO = NO;
				MTL_FAST_MATH = YES;
				SDKROOT = iphoneos;
				SWIFT_COMPILATION_MODE = wholemodule;
				SWIFT_OPTIMIZATION_LEVEL = "-O";
				VALIDATE_PRODUCT = YES;
			};
			name = Release;
		};
		A326A01124BE1E720029C17B /* Debug */ = {
			isa = XCBuildConfiguration;
			buildSettings = {
				ASSETCATALOG_COMPILER_APPICON_NAME = AppIcon;
				CODE_SIGN_IDENTITY = "iPhone Developer";
				CODE_SIGN_STYLE = Manual;
				DEVELOPMENT_ASSET_PATHS = "\"Photos/Preview Content\"";
				DEVELOPMENT_TEAM = PXDF48X6VX;
				ENABLE_PREVIEWS = YES;
				INFOPLIST_FILE = Photos/Info.plist;
				LD_RUNPATH_SEARCH_PATHS = (
					"$(inherited)",
					"@executable_path/Frameworks",
				);
				PRODUCT_BUNDLE_IDENTIFIER = cz.ackee.enterprise.Solution;
				PRODUCT_NAME = "$(TARGET_NAME)";
				PROVISIONING_PROFILE_SPECIFIER = "match Development cz.ackee.enterprise.* 1587466174";
				SWIFT_VERSION = 5.0;
				TARGETED_DEVICE_FAMILY = "1,2";
			};
			name = Debug;
		};
		A326A01224BE1E720029C17B /* Release */ = {
			isa = XCBuildConfiguration;
			buildSettings = {
				ASSETCATALOG_COMPILER_APPICON_NAME = AppIcon;
				CODE_SIGN_IDENTITY = "iPhone Developer";
				CODE_SIGN_STYLE = Manual;
				DEVELOPMENT_ASSET_PATHS = "\"Photos/Preview Content\"";
				DEVELOPMENT_TEAM = PXDF48X6VX;
				ENABLE_PREVIEWS = YES;
				INFOPLIST_FILE = Photos/Info.plist;
				LD_RUNPATH_SEARCH_PATHS = (
					"$(inherited)",
					"@executable_path/Frameworks",
				);
				PRODUCT_BUNDLE_IDENTIFIER = cz.ackee.enterprise.Solution;
				PRODUCT_NAME = "$(TARGET_NAME)";
				PROVISIONING_PROFILE_SPECIFIER = "match Development cz.ackee.enterprise.* 1587466174";
				SWIFT_VERSION = 5.0;
				TARGETED_DEVICE_FAMILY = "1,2";
			};
			name = Release;
		};
/* End XCBuildConfiguration section */

/* Begin XCConfigurationList section */
		A3269FF724BE1E720029C17B /* Build configuration list for PBXProject "Photos" */ = {
			isa = XCConfigurationList;
			buildConfigurations = (
				A326A00E24BE1E720029C17B /* Debug */,
				A326A00F24BE1E720029C17B /* Release */,
			);
			defaultConfigurationIsVisible = 0;
			defaultConfigurationName = Release;
		};
		A326A01024BE1E720029C17B /* Build configuration list for PBXNativeTarget "Photos" */ = {
			isa = XCConfigurationList;
			buildConfigurations = (
				A326A01124BE1E720029C17B /* Debug */,
				A326A01224BE1E720029C17B /* Release */,
			);
			defaultConfigurationIsVisible = 0;
			defaultConfigurationName = Release;
		};
/* End XCConfigurationList section */
	};
	rootObject = A3269FF424BE1E720029C17B /* Project object */;
}
