// !$*UTF8*$!
{
	archiveVersion = 1;
	classes = {
	};
	objectVersion = 50;
	objects = {

/* Begin PBXBuildFile section */
		A376184424C174EF00C3D42E /* AppDelegate.swift in Sources */ = {isa = PBXBuildFile; fileRef = A376184324C174EF00C3D42E /* AppDelegate.swift */; };
		A376184624C174EF00C3D42E /* SceneDelegate.swift in Sources */ = {isa = PBXBuildFile; fileRef = A376184524C174EF00C3D42E /* SceneDelegate.swift */; };
		A376184824C174EF00C3D42E /* ContentView.swift in Sources */ = {isa = PBXBuildFile; fileRef = A376184724C174EF00C3D42E /* ContentView.swift */; };
		A376184A24C174F100C3D42E /* Assets.xcassets in Resources */ = {isa = PBXBuildFile; fileRef = A376184924C174F100C3D42E /* Assets.xcassets */; };
		A376184D24C174F100C3D42E /* Preview Assets.xcassets in Resources */ = {isa = PBXBuildFile; fileRef = A376184C24C174F100C3D42E /* Preview Assets.xcassets */; };
		A376185024C174F100C3D42E /* LaunchScreen.storyboard in Resources */ = {isa = PBXBuildFile; fileRef = A376184E24C174F100C3D42E /* LaunchScreen.storyboard */; };
		A376185924C1780D00C3D42E /* KnobShape.swift in Sources */ = {isa = PBXBuildFile; fileRef = A376185824C1780D00C3D42E /* KnobShape.swift */; };
		A376185B24C1782000C3D42E /* Knob.swift in Sources */ = {isa = PBXBuildFile; fileRef = A376185A24C1782000C3D42E /* Knob.swift */; };
		A376185E24C1784C00C3D42E /* EnvironmentExtensions.swift in Sources */ = {isa = PBXBuildFile; fileRef = A376185D24C1784C00C3D42E /* EnvironmentExtensions.swift */; };
		A376186024C1788A00C3D42E /* View+Environment.swift in Sources */ = {isa = PBXBuildFile; fileRef = A376185F24C1788A00C3D42E /* View+Environment.swift */; };
/* End PBXBuildFile section */

/* Begin PBXFileReference section */
		A376184024C174EF00C3D42E /* Knob.app */ = {isa = PBXFileReference; explicitFileType = wrapper.application; includeInIndex = 0; path = Knob.app; sourceTree = BUILT_PRODUCTS_DIR; };
		A376184324C174EF00C3D42E /* AppDelegate.swift */ = {isa = PBXFileReference; lastKnownFileType = sourcecode.swift; path = AppDelegate.swift; sourceTree = "<group>"; };
		A376184524C174EF00C3D42E /* SceneDelegate.swift */ = {isa = PBXFileReference; lastKnownFileType = sourcecode.swift; path = SceneDelegate.swift; sourceTree = "<group>"; };
		A376184724C174EF00C3D42E /* ContentView.swift */ = {isa = PBXFileReference; lastKnownFileType = sourcecode.swift; path = ContentView.swift; sourceTree = "<group>"; };
		A376184924C174F100C3D42E /* Assets.xcassets */ = {isa = PBXFileReference; lastKnownFileType = folder.assetcatalog; path = Assets.xcassets; sourceTree = "<group>"; };
		A376184C24C174F100C3D42E /* Preview Assets.xcassets */ = {isa = PBXFileReference; lastKnownFileType = folder.assetcatalog; path = "Preview Assets.xcassets"; sourceTree = "<group>"; };
		A376184F24C174F100C3D42E /* Base */ = {isa = PBXFileReference; lastKnownFileType = file.storyboard; name = Base; path = Base.lproj/LaunchScreen.storyboard; sourceTree = "<group>"; };
		A376185124C174F100C3D42E /* Info.plist */ = {isa = PBXFileReference; lastKnownFileType = text.plist.xml; path = Info.plist; sourceTree = "<group>"; };
		A376185824C1780D00C3D42E /* KnobShape.swift */ = {isa = PBXFileReference; lastKnownFileType = sourcecode.swift; path = KnobShape.swift; sourceTree = "<group>"; };
		A376185A24C1782000C3D42E /* Knob.swift */ = {isa = PBXFileReference; lastKnownFileType = sourcecode.swift; path = Knob.swift; sourceTree = "<group>"; };
		A376185D24C1784C00C3D42E /* EnvironmentExtensions.swift */ = {isa = PBXFileReference; lastKnownFileType = sourcecode.swift; path = EnvironmentExtensions.swift; sourceTree = "<group>"; };
		A376185F24C1788A00C3D42E /* View+Environment.swift */ = {isa = PBXFileReference; lastKnownFileType = sourcecode.swift; path = "View+Environment.swift"; sourceTree = "<group>"; };
/* End PBXFileReference section */

/* Begin PBXFrameworksBuildPhase section */
		A376183D24C174EF00C3D42E /* Frameworks */ = {
			isa = PBXFrameworksBuildPhase;
			buildActionMask = 2147483647;
			files = (
			);
			runOnlyForDeploymentPostprocessing = 0;
		};
/* End PBXFrameworksBuildPhase section */

/* Begin PBXGroup section */
		A376183724C174EF00C3D42E = {
			isa = PBXGroup;
			children = (
				A376184224C174EF00C3D42E /* Knob */,
				A376184124C174EF00C3D42E /* Products */,
			);
			sourceTree = "<group>";
		};
		A376184124C174EF00C3D42E /* Products */ = {
			isa = PBXGroup;
			children = (
				A376184024C174EF00C3D42E /* Knob.app */,
			);
			name = Products;
			sourceTree = "<group>";
		};
		A376184224C174EF00C3D42E /* Knob */ = {
			isa = PBXGroup;
			children = (
				A376185724C177FB00C3D42E /* Views */,
				A376185D24C1784C00C3D42E /* EnvironmentExtensions.swift */,
				A376185F24C1788A00C3D42E /* View+Environment.swift */,
				A376184324C174EF00C3D42E /* AppDelegate.swift */,
				A376184524C174EF00C3D42E /* SceneDelegate.swift */,
				A376184724C174EF00C3D42E /* ContentView.swift */,
				A376184924C174F100C3D42E /* Assets.xcassets */,
				A376184E24C174F100C3D42E /* LaunchScreen.storyboard */,
				A376185124C174F100C3D42E /* Info.plist */,
				A376184B24C174F100C3D42E /* Preview Content */,
			);
			path = Knob;
			sourceTree = "<group>";
		};
		A376184B24C174F100C3D42E /* Preview Content */ = {
			isa = PBXGroup;
			children = (
				A376184C24C174F100C3D42E /* Preview Assets.xcassets */,
			);
			path = "Preview Content";
			sourceTree = "<group>";
		};
		A376185724C177FB00C3D42E /* Views */ = {
			isa = PBXGroup;
			children = (
				A376185824C1780D00C3D42E /* KnobShape.swift */,
				A376185A24C1782000C3D42E /* Knob.swift */,
			);
			path = Views;
			sourceTree = "<group>";
		};
/* End PBXGroup section */

/* Begin PBXNativeTarget section */
		A376183F24C174EF00C3D42E /* Knob */ = {
			isa = PBXNativeTarget;
			buildConfigurationList = A376185424C174F100C3D42E /* Build configuration list for PBXNativeTarget "Knob" */;
			buildPhases = (
				A376183C24C174EF00C3D42E /* Sources */,
				A376183D24C174EF00C3D42E /* Frameworks */,
				A376183E24C174EF00C3D42E /* Resources */,
			);
			buildRules = (
			);
			dependencies = (
			);
			name = Knob;
			productName = Knob;
			productReference = A376184024C174EF00C3D42E /* Knob.app */;
			productType = "com.apple.product-type.application";
		};
/* End PBXNativeTarget section */

/* Begin PBXProject section */
		A376183824C174EF00C3D42E /* Project object */ = {
			isa = PBXProject;
			attributes = {
				LastSwiftUpdateCheck = 1160;
				LastUpgradeCheck = 1160;
				ORGANIZATIONNAME = "Lukáš Hromadník";
				TargetAttributes = {
					A376183F24C174EF00C3D42E = {
						CreatedOnToolsVersion = 11.6;
					};
				};
			};
			buildConfigurationList = A376183B24C174EF00C3D42E /* Build configuration list for PBXProject "Knob" */;
			compatibilityVersion = "Xcode 9.3";
			developmentRegion = en;
			hasScannedForEncodings = 0;
			knownRegions = (
				en,
				Base,
			);
			mainGroup = A376183724C174EF00C3D42E;
			productRefGroup = A376184124C174EF00C3D42E /* Products */;
			projectDirPath = "";
			projectRoot = "";
			targets = (
				A376183F24C174EF00C3D42E /* Knob */,
			);
		};
/* End PBXProject section */

/* Begin PBXResourcesBuildPhase section */
		A376183E24C174EF00C3D42E /* Resources */ = {
			isa = PBXResourcesBuildPhase;
			buildActionMask = 2147483647;
			files = (
				A376185024C174F100C3D42E /* LaunchScreen.storyboard in Resources */,
				A376184D24C174F100C3D42E /* Preview Assets.xcassets in Resources */,
				A376184A24C174F100C3D42E /* Assets.xcassets in Resources */,
			);
			runOnlyForDeploymentPostprocessing = 0;
		};
/* End PBXResourcesBuildPhase section */

/* Begin PBXSourcesBuildPhase section */
		A376183C24C174EF00C3D42E /* Sources */ = {
			isa = PBXSourcesBuildPhase;
			buildActionMask = 2147483647;
			files = (
				A376184424C174EF00C3D42E /* AppDelegate.swift in Sources */,
				A376185E24C1784C00C3D42E /* EnvironmentExtensions.swift in Sources */,
				A376185924C1780D00C3D42E /* KnobShape.swift in Sources */,
				A376185B24C1782000C3D42E /* Knob.swift in Sources */,
				A376186024C1788A00C3D42E /* View+Environment.swift in Sources */,
				A376184624C174EF00C3D42E /* SceneDelegate.swift in Sources */,
				A376184824C174EF00C3D42E /* ContentView.swift in Sources */,
			);
			runOnlyForDeploymentPostprocessing = 0;
		};
/* End PBXSourcesBuildPhase section */

/* Begin PBXVariantGroup section */
		A376184E24C174F100C3D42E /* LaunchScreen.storyboard */ = {
			isa = PBXVariantGroup;
			children = (
				A376184F24C174F100C3D42E /* Base */,
			);
			name = LaunchScreen.storyboard;
			sourceTree = "<group>";
		};
/* End PBXVariantGroup section */

/* Begin XCBuildConfiguration section */
		A376185224C174F100C3D42E /* Debug */ = {
			isa = XCBuildConfiguration;
			buildSettings = {
				ALWAYS_SEARCH_USER_PATHS = NO;
				CLANG_ANALYZER_NONNULL = YES;
				CLANG_ANALYZER_NUMBER_OBJECT_CONVERSION = YES_AGGRESSIVE;
				CLANG_CXX_LANGUAGE_STANDARD = "gnu++14";
				CLANG_CXX_LIBRARY = "libc++";
				CLANG_ENABLE_MODULES = YES;
				CLANG_ENABLE_OBJC_ARC = YES;
				CLANG_ENABLE_OBJC_WEAK = YES;
				CLANG_WARN_BLOCK_CAPTURE_AUTORELEASING = YES;
				CLANG_WARN_BOOL_CONVERSION = YES;
				CLANG_WARN_COMMA = YES;
				CLANG_WARN_CONSTANT_CONVERSION = YES;
				CLANG_WARN_DEPRECATED_OBJC_IMPLEMENTATIONS = YES;
				CLANG_WARN_DIRECT_OBJC_ISA_USAGE = YES_ERROR;
				CLANG_WARN_DOCUMENTATION_COMMENTS = YES;
				CLANG_WARN_EMPTY_BODY = YES;
				CLANG_WARN_ENUM_CONVERSION = YES;
				CLANG_WARN_INFINITE_RECURSION = YES;
				CLANG_WARN_INT_CONVERSION = YES;
				CLANG_WARN_NON_LITERAL_NULL_CONVERSION = YES;
				CLANG_WARN_OBJC_IMPLICIT_RETAIN_SELF = YES;
				CLANG_WARN_OBJC_LITERAL_CONVERSION = YES;
				CLANG_WARN_OBJC_ROOT_CLASS = YES_ERROR;
				CLANG_WARN_RANGE_LOOP_ANALYSIS = YES;
				CLANG_WARN_STRICT_PROTOTYPES = YES;
				CLANG_WARN_SUSPICIOUS_MOVE = YES;
				CLANG_WARN_UNGUARDED_AVAILABILITY = YES_AGGRESSIVE;
				CLANG_WARN_UNREACHABLE_CODE = YES;
				CLANG_WARN__DUPLICATE_METHOD_MATCH = YES;
				COPY_PHASE_STRIP = NO;
				DEBUG_INFORMATION_FORMAT = dwarf;
				ENABLE_STRICT_OBJC_MSGSEND = YES;
				ENABLE_TESTABILITY = YES;
				GCC_C_LANGUAGE_STANDARD = gnu11;
				GCC_DYNAMIC_NO_PIC = NO;
				GCC_NO_COMMON_BLOCKS = YES;
				GCC_OPTIMIZATION_LEVEL = 0;
				GCC_PREPROCESSOR_DEFINITIONS = (
					"DEBUG=1",
					"$(inherited)",
				);
				GCC_WARN_64_TO_32_BIT_CONVERSION = YES;
				GCC_WARN_ABOUT_RETURN_TYPE = YES_ERROR;
				GCC_WARN_UNDECLARED_SELECTOR = YES;
				GCC_WARN_UNINITIALIZED_AUTOS = YES_AGGRESSIVE;
				GCC_WARN_UNUSED_FUNCTION = YES;
				GCC_WARN_UNUSED_VARIABLE = YES;
				IPHONEOS_DEPLOYMENT_TARGET = 13.6;
				MTL_ENABLE_DEBUG_INFO = INCLUDE_SOURCE;
				MTL_FAST_MATH = YES;
				ONLY_ACTIVE_ARCH = YES;
				SDKROOT = iphoneos;
				SWIFT_ACTIVE_COMPILATION_CONDITIONS = DEBUG;
				SWIFT_OPTIMIZATION_LEVEL = "-Onone";
			};
			name = Debug;
		};
		A376185324C174F100C3D42E /* Release */ = {
			isa = XCBuildConfiguration;
			buildSettings = {
				ALWAYS_SEARCH_USER_PATHS = NO;
				CLANG_ANALYZER_NONNULL = YES;
				CLANG_ANALYZER_NUMBER_OBJECT_CONVERSION = YES_AGGRESSIVE;
				CLANG_CXX_LANGUAGE_STANDARD = "gnu++14";
				CLANG_CXX_LIBRARY = "libc++";
				CLANG_ENABLE_MODULES = YES;
				CLANG_ENABLE_OBJC_ARC = YES;
				CLANG_ENABLE_OBJC_WEAK = YES;
				CLANG_WARN_BLOCK_CAPTURE_AUTORELEASING = YES;
				CLANG_WARN_BOOL_CONVERSION = YES;
				CLANG_WARN_COMMA = YES;
				CLANG_WARN_CONSTANT_CONVERSION = YES;
				CLANG_WARN_DEPRECATED_OBJC_IMPLEMENTATIONS = YES;
				CLANG_WARN_DIRECT_OBJC_ISA_USAGE = YES_ERROR;
				CLANG_WARN_DOCUMENTATION_COMMENTS = YES;
				CLANG_WARN_EMPTY_BODY = YES;
				CLANG_WARN_ENUM_CONVERSION = YES;
				CLANG_WARN_INFINITE_RECURSION = YES;
				CLANG_WARN_INT_CONVERSION = YES;
				CLANG_WARN_NON_LITERAL_NULL_CONVERSION = YES;
				CLANG_WARN_OBJC_IMPLICIT_RETAIN_SELF = YES;
				CLANG_WARN_OBJC_LITERAL_CONVERSION = YES;
				CLANG_WARN_OBJC_ROOT_CLASS = YES_ERROR;
				CLANG_WARN_RANGE_LOOP_ANALYSIS = YES;
				CLANG_WARN_STRICT_PROTOTYPES = YES;
				CLANG_WARN_SUSPICIOUS_MOVE = YES;
				CLANG_WARN_UNGUARDED_AVAILABILITY = YES_AGGRESSIVE;
				CLANG_WARN_UNREACHABLE_CODE = YES;
				CLANG_WARN__DUPLICATE_METHOD_MATCH = YES;
				COPY_PHASE_STRIP = NO;
				DEBUG_INFORMATION_FORMAT = "dwarf-with-dsym";
				ENABLE_NS_ASSERTIONS = NO;
				ENABLE_STRICT_OBJC_MSGSEND = YES;
				GCC_C_LANGUAGE_STANDARD = gnu11;
				GCC_NO_COMMON_BLOCKS = YES;
				GCC_WARN_64_TO_32_BIT_CONVERSION = YES;
				GCC_WARN_ABOUT_RETURN_TYPE = YES_ERROR;
				GCC_WARN_UNDECLARED_SELECTOR = YES;
				GCC_WARN_UNINITIALIZED_AUTOS = YES_AGGRESSIVE;
				GCC_WARN_UNUSED_FUNCTION = YES;
				GCC_WARN_UNUSED_VARIABLE = YES;
				IPHONEOS_DEPLOYMENT_TARGET = 13.6;
				MTL_ENABLE_DEBUG_INFO = NO;
				MTL_FAST_MATH = YES;
				SDKROOT = iphoneos;
				SWIFT_COMPILATION_MODE = wholemodule;
				SWIFT_OPTIMIZATION_LEVEL = "-O";
				VALIDATE_PRODUCT = YES;
			};
			name = Release;
		};
		A376185524C174F100C3D42E /* Debug */ = {
			isa = XCBuildConfiguration;
			buildSettings = {
				ASSETCATALOG_COMPILER_APPICON_NAME = AppIcon;
				CODE_SIGN_STYLE = Automatic;
				DEVELOPMENT_ASSET_PATHS = "\"Knob/Preview Content\"";
				ENABLE_PREVIEWS = YES;
				INFOPLIST_FILE = Knob/Info.plist;
				LD_RUNPATH_SEARCH_PATHS = (
					"$(inherited)",
					"@executable_path/Frameworks",
				);
				PRODUCT_BUNDLE_IDENTIFIER = cz.ackee.enterprise.Knob;
				PRODUCT_NAME = "$(TARGET_NAME)";
				SWIFT_VERSION = 5.0;
				TARGETED_DEVICE_FAMILY = "1,2";
			};
			name = Debug;
		};
		A376185624C174F100C3D42E /* Release */ = {
			isa = XCBuildConfiguration;
			buildSettings = {
				ASSETCATALOG_COMPILER_APPICON_NAME = AppIcon;
				CODE_SIGN_STYLE = Automatic;
				DEVELOPMENT_ASSET_PATHS = "\"Knob/Preview Content\"";
				ENABLE_PREVIEWS = YES;
				INFOPLIST_FILE = Knob/Info.plist;
				LD_RUNPATH_SEARCH_PATHS = (
					"$(inherited)",
					"@executable_path/Frameworks",
				);
				PRODUCT_BUNDLE_IDENTIFIER = cz.ackee.enterprise.Knob;
				PRODUCT_NAME = "$(TARGET_NAME)";
				SWIFT_VERSION = 5.0;
				TARGETED_DEVICE_FAMILY = "1,2";
			};
			name = Release;
		};
/* End XCBuildConfiguration section */

/* Begin XCConfigurationList section */
		A376183B24C174EF00C3D42E /* Build configuration list for PBXProject "Knob" */ = {
			isa = XCConfigurationList;
			buildConfigurations = (
				A376185224C174F100C3D42E /* Debug */,
				A376185324C174F100C3D42E /* Release */,
			);
			defaultConfigurationIsVisible = 0;
			defaultConfigurationName = Release;
		};
		A376185424C174F100C3D42E /* Build configuration list for PBXNativeTarget "Knob" */ = {
			isa = XCConfigurationList;
			buildConfigurations = (
				A376185524C174F100C3D42E /* Debug */,
				A376185624C174F100C3D42E /* Release */,
			);
			defaultConfigurationIsVisible = 0;
			defaultConfigurationName = Release;
		};
/* End XCConfigurationList section */
	};
	rootObject = A376183824C174EF00C3D42E /* Project object */;
}
