// !$*UTF8*$!
{
	archiveVersion = 1;
	classes = {
	};
	objectVersion = 50;
	objects = {

/* Begin PBXBuildFile section */
		A376186E24C1790500C3D42E /* AppDelegate.swift in Sources */ = {isa = PBXBuildFile; fileRef = A376186D24C1790500C3D42E /* AppDelegate.swift */; };
		A376187024C1790500C3D42E /* SceneDelegate.swift in Sources */ = {isa = PBXBuildFile; fileRef = A376186F24C1790500C3D42E /* SceneDelegate.swift */; };
		A376187224C1790500C3D42E /* ContentView.swift in Sources */ = {isa = PBXBuildFile; fileRef = A376187124C1790500C3D42E /* ContentView.swift */; };
		A376187424C1790600C3D42E /* Assets.xcassets in Resources */ = {isa = PBXBuildFile; fileRef = A376187324C1790600C3D42E /* Assets.xcassets */; };
		A376187724C1790600C3D42E /* Preview Assets.xcassets in Resources */ = {isa = PBXBuildFile; fileRef = A376187624C1790600C3D42E /* Preview Assets.xcassets */; };
		A376187A24C1790600C3D42E /* LaunchScreen.storyboard in Resources */ = {isa = PBXBuildFile; fileRef = A376187824C1790600C3D42E /* LaunchScreen.storyboard */; };
		A376188224C1793800C3D42E /* CollapsibleHStack.swift in Sources */ = {isa = PBXBuildFile; fileRef = A376188124C1793800C3D42E /* CollapsibleHStack.swift */; };
/* End PBXBuildFile section */

/* Begin PBXFileReference section */
		A376186A24C1790500C3D42E /* CollapsibleHStack.app */ = {isa = PBXFileReference; explicitFileType = wrapper.application; includeInIndex = 0; path = CollapsibleHStack.app; sourceTree = BUILT_PRODUCTS_DIR; };
		A376186D24C1790500C3D42E /* AppDelegate.swift */ = {isa = PBXFileReference; lastKnownFileType = sourcecode.swift; path = AppDelegate.swift; sourceTree = "<group>"; };
		A376186F24C1790500C3D42E /* SceneDelegate.swift */ = {isa = PBXFileReference; lastKnownFileType = sourcecode.swift; path = SceneDelegate.swift; sourceTree = "<group>"; };
		A376187124C1790500C3D42E /* ContentView.swift */ = {isa = PBXFileReference; lastKnownFileType = sourcecode.swift; path = ContentView.swift; sourceTree = "<group>"; };
		A376187324C1790600C3D42E /* Assets.xcassets */ = {isa = PBXFileReference; lastKnownFileType = folder.assetcatalog; path = Assets.xcassets; sourceTree = "<group>"; };
		A376187624C1790600C3D42E /* Preview Assets.xcassets */ = {isa = PBXFileReference; lastKnownFileType = folder.assetcatalog; path = "Preview Assets.xcassets"; sourceTree = "<group>"; };
		A376187924C1790600C3D42E /* Base */ = {isa = PBXFileReference; lastKnownFileType = file.storyboard; name = Base; path = Base.lproj/LaunchScreen.storyboard; sourceTree = "<group>"; };
		A376187B24C1790600C3D42E /* Info.plist */ = {isa = PBXFileReference; lastKnownFileType = text.plist.xml; path = Info.plist; sourceTree = "<group>"; };
		A376188124C1793800C3D42E /* CollapsibleHStack.swift */ = {isa = PBXFileReference; lastKnownFileType = sourcecode.swift; path = CollapsibleHStack.swift; sourceTree = "<group>"; };
/* End PBXFileReference section */

/* Begin PBXFrameworksBuildPhase section */
		A376186724C1790500C3D42E /* Frameworks */ = {
			isa = PBXFrameworksBuildPhase;
			buildActionMask = 2147483647;
			files = (
			);
			runOnlyForDeploymentPostprocessing = 0;
		};
/* End PBXFrameworksBuildPhase section */

/* Begin PBXGroup section */
		A376186124C1790500C3D42E = {
			isa = PBXGroup;
			children = (
				A376186C24C1790500C3D42E /* CollapsibleHStack */,
				A376186B24C1790500C3D42E /* Products */,
			);
			sourceTree = "<group>";
		};
		A376186B24C1790500C3D42E /* Products */ = {
			isa = PBXGroup;
			children = (
				A376186A24C1790500C3D42E /* CollapsibleHStack.app */,
			);
			name = Products;
			sourceTree = "<group>";
		};
		A376186C24C1790500C3D42E /* CollapsibleHStack */ = {
			isa = PBXGroup;
			children = (
				A376188124C1793800C3D42E /* CollapsibleHStack.swift */,
				A376186D24C1790500C3D42E /* AppDelegate.swift */,
				A376186F24C1790500C3D42E /* SceneDelegate.swift */,
				A376187124C1790500C3D42E /* ContentView.swift */,
				A376187324C1790600C3D42E /* Assets.xcassets */,
				A376187824C1790600C3D42E /* LaunchScreen.storyboard */,
				A376187B24C1790600C3D42E /* Info.plist */,
				A376187524C1790600C3D42E /* Preview Content */,
			);
			path = CollapsibleHStack;
			sourceTree = "<group>";
		};
		A376187524C1790600C3D42E /* Preview Content */ = {
			isa = PBXGroup;
			children = (
				A376187624C1790600C3D42E /* Preview Assets.xcassets */,
			);
			path = "Preview Content";
			sourceTree = "<group>";
		};
/* End PBXGroup section */

/* Begin PBXNativeTarget section */
		A376186924C1790500C3D42E /* CollapsibleHStack */ = {
			isa = PBXNativeTarget;
			buildConfigurationList = A376187E24C1790600C3D42E /* Build configuration list for PBXNativeTarget "CollapsibleHStack" */;
			buildPhases = (
				A376186624C1790500C3D42E /* Sources */,
				A376186724C1790500C3D42E /* Frameworks */,
				A376186824C1790500C3D42E /* Resources */,
			);
			buildRules = (
			);
			dependencies = (
			);
			name = CollapsibleHStack;
			productName = CollapsibleHStack;
			productReference = A376186A24C1790500C3D42E /* CollapsibleHStack.app */;
			productType = "com.apple.product-type.application";
		};
/* End PBXNativeTarget section */

/* Begin PBXProject section */
		A376186224C1790500C3D42E /* Project object */ = {
			isa = PBXProject;
			attributes = {
				LastSwiftUpdateCheck = 1160;
				LastUpgradeCheck = 1160;
				ORGANIZATIONNAME = "Lukáš Hromadník";
				TargetAttributes = {
					A376186924C1790500C3D42E = {
						CreatedOnToolsVersion = 11.6;
					};
				};
			};
			buildConfigurationList = A376186524C1790500C3D42E /* Build configuration list for PBXProject "CollapsibleHStack" */;
			compatibilityVersion = "Xcode 9.3";
			developmentRegion = en;
			hasScannedForEncodings = 0;
			knownRegions = (
				en,
				Base,
			);
			mainGroup = A376186124C1790500C3D42E;
			productRefGroup = A376186B24C1790500C3D42E /* Products */;
			projectDirPath = "";
			projectRoot = "";
			targets = (
				A376186924C1790500C3D42E /* CollapsibleHStack */,
			);
		};
/* End PBXProject section */

/* Begin PBXResourcesBuildPhase section */
		A376186824C1790500C3D42E /* Resources */ = {
			isa = PBXResourcesBuildPhase;
			buildActionMask = 2147483647;
			files = (
				A376187A24C1790600C3D42E /* LaunchScreen.storyboard in Resources */,
				A376187724C1790600C3D42E /* Preview Assets.xcassets in Resources */,
				A376187424C1790600C3D42E /* Assets.xcassets in Resources */,
			);
			runOnlyForDeploymentPostprocessing = 0;
		};
/* End PBXResourcesBuildPhase section */

/* Begin PBXSourcesBuildPhase section */
		A376186624C1790500C3D42E /* Sources */ = {
			isa = PBXSourcesBuildPhase;
			buildActionMask = 2147483647;
			files = (
				A376186E24C1790500C3D42E /* AppDelegate.swift in Sources */,
				A376187024C1790500C3D42E /* SceneDelegate.swift in Sources */,
				A376188224C1793800C3D42E /* CollapsibleHStack.swift in Sources */,
				A376187224C1790500C3D42E /* ContentView.swift in Sources */,
			);
			runOnlyForDeploymentPostprocessing = 0;
		};
/* End PBXSourcesBuildPhase section */

/* Begin PBXVariantGroup section */
		A376187824C1790600C3D42E /* LaunchScreen.storyboard */ = {
			isa = PBXVariantGroup;
			children = (
				A376187924C1790600C3D42E /* Base */,
			);
			name = LaunchScreen.storyboard;
			sourceTree = "<group>";
		};
/* End PBXVariantGroup section */

/* Begin XCBuildConfiguration section */
		A376187C24C1790600C3D42E /* Debug */ = {
			isa = XCBuildConfiguration;
			buildSettings = {
				ALWAYS_SEARCH_USER_PATHS = NO;
				CLANG_ANALYZER_NONNULL = YES;
				CLANG_ANALYZER_NUMBER_OBJECT_CONVERSION = YES_AGGRESSIVE;
				CLANG_CXX_LANGUAGE_STANDARD = "gnu++14";
				CLANG_CXX_LIBRARY = "libc++";
				CLANG_ENABLE_MODULES = YES;
				CLANG_ENABLE_OBJC_ARC = YES;
				CLANG_ENABLE_OBJC_WEAK = YES;
				CLANG_WARN_BLOCK_CAPTURE_AUTORELEASING = YES;
				CLANG_WARN_BOOL_CONVERSION = YES;
				CLANG_WARN_COMMA = YES;
				CLANG_WARN_CONSTANT_CONVERSION = YES;
				CLANG_WARN_DEPRECATED_OBJC_IMPLEMENTATIONS = YES;
				CLANG_WARN_DIRECT_OBJC_ISA_USAGE = YES_ERROR;
				CLANG_WARN_DOCUMENTATION_COMMENTS = YES;
				CLANG_WARN_EMPTY_BODY = YES;
				CLANG_WARN_ENUM_CONVERSION = YES;
				CLANG_WARN_INFINITE_RECURSION = YES;
				CLANG_WARN_INT_CONVERSION = YES;
				CLANG_WARN_NON_LITERAL_NULL_CONVERSION = YES;
				CLANG_WARN_OBJC_IMPLICIT_RETAIN_SELF = YES;
				CLANG_WARN_OBJC_LITERAL_CONVERSION = YES;
				CLANG_WARN_OBJC_ROOT_CLASS = YES_ERROR;
				CLANG_WARN_RANGE_LOOP_ANALYSIS = YES;
				CLANG_WARN_STRICT_PROTOTYPES = YES;
				CLANG_WARN_SUSPICIOUS_MOVE = YES;
				CLANG_WARN_UNGUARDED_AVAILABILITY = YES_AGGRESSIVE;
				CLANG_WARN_UNREACHABLE_CODE = YES;
				CLANG_WARN__DUPLICATE_METHOD_MATCH = YES;
				COPY_PHASE_STRIP = NO;
				DEBUG_INFORMATION_FORMAT = dwarf;
				ENABLE_STRICT_OBJC_MSGSEND = YES;
				ENABLE_TESTABILITY = YES;
				GCC_C_LANGUAGE_STANDARD = gnu11;
				GCC_DYNAMIC_NO_PIC = NO;
				GCC_NO_COMMON_BLOCKS = YES;
				GCC_OPTIMIZATION_LEVEL = 0;
				GCC_PREPROCESSOR_DEFINITIONS = (
					"DEBUG=1",
					"$(inherited)",
				);
				GCC_WARN_64_TO_32_BIT_CONVERSION = YES;
				GCC_WARN_ABOUT_RETURN_TYPE = YES_ERROR;
				GCC_WARN_UNDECLARED_SELECTOR = YES;
				GCC_WARN_UNINITIALIZED_AUTOS = YES_AGGRESSIVE;
				GCC_WARN_UNUSED_FUNCTION = YES;
				GCC_WARN_UNUSED_VARIABLE = YES;
				IPHONEOS_DEPLOYMENT_TARGET = 13.6;
				MTL_ENABLE_DEBUG_INFO = INCLUDE_SOURCE;
				MTL_FAST_MATH = YES;
				ONLY_ACTIVE_ARCH = YES;
				SDKROOT = iphoneos;
				SWIFT_ACTIVE_COMPILATION_CONDITIONS = DEBUG;
				SWIFT_OPTIMIZATION_LEVEL = "-Onone";
			};
			name = Debug;
		};
		A376187D24C1790600C3D42E /* Release */ = {
			isa = XCBuildConfiguration;
			buildSettings = {
				ALWAYS_SEARCH_USER_PATHS = NO;
				CLANG_ANALYZER_NONNULL = YES;
				CLANG_ANALYZER_NUMBER_OBJECT_CONVERSION = YES_AGGRESSIVE;
				CLANG_CXX_LANGUAGE_STANDARD = "gnu++14";
				CLANG_CXX_LIBRARY = "libc++";
				CLANG_ENABLE_MODULES = YES;
				CLANG_ENABLE_OBJC_ARC = YES;
				CLANG_ENABLE_OBJC_WEAK = YES;
				CLANG_WARN_BLOCK_CAPTURE_AUTORELEASING = YES;
				CLANG_WARN_BOOL_CONVERSION = YES;
				CLANG_WARN_COMMA = YES;
				CLANG_WARN_CONSTANT_CONVERSION = YES;
				CLANG_WARN_DEPRECATED_OBJC_IMPLEMENTATIONS = YES;
				CLANG_WARN_DIRECT_OBJC_ISA_USAGE = YES_ERROR;
				CLANG_WARN_DOCUMENTATION_COMMENTS = YES;
				CLANG_WARN_EMPTY_BODY = YES;
				CLANG_WARN_ENUM_CONVERSION = YES;
				CLANG_WARN_INFINITE_RECURSION = YES;
				CLANG_WARN_INT_CONVERSION = YES;
				CLANG_WARN_NON_LITERAL_NULL_CONVERSION = YES;
				CLANG_WARN_OBJC_IMPLICIT_RETAIN_SELF = YES;
				CLANG_WARN_OBJC_LITERAL_CONVERSION = YES;
				CLANG_WARN_OBJC_ROOT_CLASS = YES_ERROR;
				CLANG_WARN_RANGE_LOOP_ANALYSIS = YES;
				CLANG_WARN_STRICT_PROTOTYPES = YES;
				CLANG_WARN_SUSPICIOUS_MOVE = YES;
				CLANG_WARN_UNGUARDED_AVAILABILITY = YES_AGGRESSIVE;
				CLANG_WARN_UNREACHABLE_CODE = YES;
				CLANG_WARN__DUPLICATE_METHOD_MATCH = YES;
				COPY_PHASE_STRIP = NO;
				DEBUG_INFORMATION_FORMAT = "dwarf-with-dsym";
				ENABLE_NS_ASSERTIONS = NO;
				ENABLE_STRICT_OBJC_MSGSEND = YES;
				GCC_C_LANGUAGE_STANDARD = gnu11;
				GCC_NO_COMMON_BLOCKS = YES;
				GCC_WARN_64_TO_32_BIT_CONVERSION = YES;
				GCC_WARN_ABOUT_RETURN_TYPE = YES_ERROR;
				GCC_WARN_UNDECLARED_SELECTOR = YES;
				GCC_WARN_UNINITIALIZED_AUTOS = YES_AGGRESSIVE;
				GCC_WARN_UNUSED_FUNCTION = YES;
				GCC_WARN_UNUSED_VARIABLE = YES;
				IPHONEOS_DEPLOYMENT_TARGET = 13.6;
				MTL_ENABLE_DEBUG_INFO = NO;
				MTL_FAST_MATH = YES;
				SDKROOT = iphoneos;
				SWIFT_COMPILATION_MODE = wholemodule;
				SWIFT_OPTIMIZATION_LEVEL = "-O";
				VALIDATE_PRODUCT = YES;
			};
			name = Release;
		};
		A376187F24C1790600C3D42E /* Debug */ = {
			isa = XCBuildConfiguration;
			buildSettings = {
				ASSETCATALOG_COMPILER_APPICON_NAME = AppIcon;
				CODE_SIGN_STYLE = Automatic;
				DEVELOPMENT_ASSET_PATHS = "\"CollapsibleHStack/Preview Content\"";
				ENABLE_PREVIEWS = YES;
				INFOPLIST_FILE = CollapsibleHStack/Info.plist;
				LD_RUNPATH_SEARCH_PATHS = (
					"$(inherited)",
					"@executable_path/Frameworks",
				);
				PRODUCT_BUNDLE_IDENTIFIER = cz.ackee.enterprise.CollapsibleHStack;
				PRODUCT_NAME = "$(TARGET_NAME)";
				SWIFT_VERSION = 5.0;
				TARGETED_DEVICE_FAMILY = "1,2";
			};
			name = Debug;
		};
		A376188024C1790600C3D42E /* Release */ = {
			isa = XCBuildConfiguration;
			buildSettings = {
				ASSETCATALOG_COMPILER_APPICON_NAME = AppIcon;
				CODE_SIGN_STYLE = Automatic;
				DEVELOPMENT_ASSET_PATHS = "\"CollapsibleHStack/Preview Content\"";
				ENABLE_PREVIEWS = YES;
				INFOPLIST_FILE = CollapsibleHStack/Info.plist;
				LD_RUNPATH_SEARCH_PATHS = (
					"$(inherited)",
					"@executable_path/Frameworks",
				);
				PRODUCT_BUNDLE_IDENTIFIER = cz.ackee.enterprise.CollapsibleHStack;
				PRODUCT_NAME = "$(TARGET_NAME)";
				SWIFT_VERSION = 5.0;
				TARGETED_DEVICE_FAMILY = "1,2";
			};
			name = Release;
		};
/* End XCBuildConfiguration section */

/* Begin XCConfigurationList section */
		A376186524C1790500C3D42E /* Build configuration list for PBXProject "CollapsibleHStack" */ = {
			isa = XCConfigurationList;
			buildConfigurations = (
				A376187C24C1790600C3D42E /* Debug */,
				A376187D24C1790600C3D42E /* Release */,
			);
			defaultConfigurationIsVisible = 0;
			defaultConfigurationName = Release;
		};
		A376187E24C1790600C3D42E /* Build configuration list for PBXNativeTarget "CollapsibleHStack" */ = {
			isa = XCConfigurationList;
			buildConfigurations = (
				A376187F24C1790600C3D42E /* Debug */,
				A376188024C1790600C3D42E /* Release */,
			);
			defaultConfigurationIsVisible = 0;
			defaultConfigurationName = Release;
		};
/* End XCConfigurationList section */
	};
	rootObject = A376186224C1790500C3D42E /* Project object */;
}
